
Microsoft Visual Studio Solution File, Format Version 12.00
# Visual Studio Version 16
VisualStudioVersion = 16.0.29123.88
MinimumVisualStudioVersion = 10.0.40219.1
Project("{FAE04EC0-301F-11D3-BF4B-00C04F79EFBC}") = "TransactionProcess", "TransactionProcess.csproj", "{CA8C21D9-C813-4BDA-8254-4D180C7175A0}"
EndProject
Project("{FAE04EC0-301F-11D3-BF4B-00C04F79EFBC}") = "test", "..\test\test.csproj", "{519961EC-E697-4054-940B-A42AF5F53ED3}"
EndProject
Project("{FAE04EC0-301F-11D3-BF4B-00C04F79EFBC}") = "test2", "..\test2\test2.csproj", "{C31CC336-54AB-46F1-88D4-0998BE405B47}"
EndProject
Global
	GlobalSection(SolutionConfigurationPlatforms) = preSolution
		Debug|Any CPU = Debug|Any CPU
		Release|Any CPU = Release|Any CPU
	EndGlobalSection
	GlobalSection(ProjectConfigurationPlatforms) = postSolution
		{CA8C21D9-C813-4BDA-8254-4D180C7175A0}.Debug|Any CPU.ActiveCfg = Debug|Any CPU
		{CA8C21D9-C813-4BDA-8254-4D180C7175A0}.Debug|Any CPU.Build.0 = Debug|Any CPU
		{CA8C21D9-C813-4BDA-8254-4D180C7175A0}.Release|Any CPU.ActiveCfg = Release|Any CPU
		{CA8C21D9-C813-4BDA-8254-4D180C7175A0}.Release|Any CPU.Build.0 = Release|Any CPU
		{519961EC-E697-4054-940B-A42AF5F53ED3}.Debug|Any CPU.ActiveCfg = Debug|Any CPU
		{519961EC-E697-4054-940B-A42AF5F53ED3}.Debug|Any CPU.Build.0 = Debug|Any CPU
		{519961EC-E697-4054-940B-A42AF5F53ED3}.Release|Any CPU.ActiveCfg = Release|Any CPU
		{519961EC-E697-4054-940B-A42AF5F53ED3}.Release|Any CPU.Build.0 = Release|Any CPU
		{C31CC336-54AB-46F1-88D4-0998BE405B47}.Debug|Any CPU.ActiveCfg = Debug|Any CPU
		{C31CC336-54AB-46F1-88D4-0998BE405B47}.Debug|Any CPU.Build.0 = Debug|Any CPU
		{C31CC336-54AB-46F1-88D4-0998BE405B47}.Release|Any CPU.ActiveCfg = Release|Any CPU
		{C31CC336-54AB-46F1-88D4-0998BE405B47}.Release|Any CPU.Build.0 = Release|Any CPU
	EndGlobalSection
	GlobalSection(SolutionProperties) = preSolution
		HideSolutionNode = FALSE
	EndGlobalSection
	GlobalSection(ExtensibilityGlobals) = postSolution
		SolutionGuid = {9FAE4199-B5E9-432A-BFDB-DB642060ED04}
	EndGlobalSection
EndGlobal
