
Microsoft Visual Studio Solution File, Format Version 12.00
# Visual Studio Version 16
VisualStudioVersion = 16.0.29123.88
MinimumVisualStudioVersion = 10.0.40219.1
Project("{FAE04EC0-301F-11D3-BF4B-00C04F79EFBC}") = "TransactionProcess", "TransactionProcess.csproj", "{CA8C21D9-C813-4BDA-8254-4D180C7175A0}"
EndProject
Project("{2150E333-8FDC-42A3-9474-1A3956D46DE8}") = "Transaction", "Transaction", "{D8883671-B570-4C82-9CC4-D827B174ED48}"
EndProject
Project("{FAE04EC0-301F-11D3-BF4B-00C04F79EFBC}") = "TransactionAPI", "..\TransactionAPI\TransactionAPI.csproj", "{066FAB5B-8DB5-4190-B190-BDEC3E4BCFA0}"
EndProject
Project("{FAE04EC0-301F-11D3-BF4B-00C04F79EFBC}") = "Transaction.Infrastructure", "..\Transaction.Infrastructure\Transaction.Infrastructure.csproj", "{EA2C4D21-1DE1-406F-AAD8-2FE99F02401E}"
EndProject
Project("{FAE04EC0-301F-11D3-BF4B-00C04F79EFBC}") = "Transaction.Domain", "..\Transaction.Domain\Transaction.Domain.csproj", "{712E1E69-D15A-4739-96B9-1B7B99C5D83F}"
EndProject
Global
	GlobalSection(SolutionConfigurationPlatforms) = preSolution
		Debug|Any CPU = Debug|Any CPU
		Release|Any CPU = Release|Any CPU
	EndGlobalSection
	GlobalSection(ProjectConfigurationPlatforms) = postSolution
		{CA8C21D9-C813-4BDA-8254-4D180C7175A0}.Debug|Any CPU.ActiveCfg = Debug|Any CPU
		{CA8C21D9-C813-4BDA-8254-4D180C7175A0}.Debug|Any CPU.Build.0 = Debug|Any CPU
		{CA8C21D9-C813-4BDA-8254-4D180C7175A0}.Release|Any CPU.ActiveCfg = Release|Any CPU
		{CA8C21D9-C813-4BDA-8254-4D180C7175A0}.Release|Any CPU.Build.0 = Release|Any CPU
		{066FAB5B-8DB5-4190-B190-BDEC3E4BCFA0}.Debug|Any CPU.ActiveCfg = Debug|Any CPU
		{066FAB5B-8DB5-4190-B190-BDEC3E4BCFA0}.Debug|Any CPU.Build.0 = Debug|Any CPU
		{066FAB5B-8DB5-4190-B190-BDEC3E4BCFA0}.Release|Any CPU.ActiveCfg = Release|Any CPU
		{066FAB5B-8DB5-4190-B190-BDEC3E4BCFA0}.Release|Any CPU.Build.0 = Release|Any CPU
		{EA2C4D21-1DE1-406F-AAD8-2FE99F02401E}.Debug|Any CPU.ActiveCfg = Debug|Any CPU
		{EA2C4D21-1DE1-406F-AAD8-2FE99F02401E}.Debug|Any CPU.Build.0 = Debug|Any CPU
		{EA2C4D21-1DE1-406F-AAD8-2FE99F02401E}.Release|Any CPU.ActiveCfg = Release|Any CPU
		{EA2C4D21-1DE1-406F-AAD8-2FE99F02401E}.Release|Any CPU.Build.0 = Release|Any CPU
		{712E1E69-D15A-4739-96B9-1B7B99C5D83F}.Debug|Any CPU.ActiveCfg = Debug|Any CPU
		{712E1E69-D15A-4739-96B9-1B7B99C5D83F}.Debug|Any CPU.Build.0 = Debug|Any CPU
		{712E1E69-D15A-4739-96B9-1B7B99C5D83F}.Release|Any CPU.ActiveCfg = Release|Any CPU
		{712E1E69-D15A-4739-96B9-1B7B99C5D83F}.Release|Any CPU.Build.0 = Release|Any CPU
	EndGlobalSection
	GlobalSection(SolutionProperties) = preSolution
		HideSolutionNode = FALSE
	EndGlobalSection
	GlobalSection(NestedProjects) = preSolution
		{066FAB5B-8DB5-4190-B190-BDEC3E4BCFA0} = {D8883671-B570-4C82-9CC4-D827B174ED48}
		{EA2C4D21-1DE1-406F-AAD8-2FE99F02401E} = {D8883671-B570-4C82-9CC4-D827B174ED48}
		{712E1E69-D15A-4739-96B9-1B7B99C5D83F} = {D8883671-B570-4C82-9CC4-D827B174ED48}
	EndGlobalSection
	GlobalSection(ExtensibilityGlobals) = postSolution
		SolutionGuid = {9FAE4199-B5E9-432A-BFDB-DB642060ED04}
	EndGlobalSection
EndGlobal
